
Microsoft Visual Studio Solution File, Format Version 12.00
# Visual Studio 2012
Project("{FAE04EC0-301F-11D3-BF4B-00C04F79EFBC}") = "BuiltIn_Custom_Commands_Eg", "BuiltIn_Custom_Commands_Eg\BuiltIn_Custom_Commands_Eg.csproj", "{1ECEC5F1-3D8A-4890-AA92-459E281683D4}"
EndProject
Global
	GlobalSection(SolutionConfigurationPlatforms) = preSolution
		Debug|Any CPU = Debug|Any CPU
		Release|Any CPU = Release|Any CPU
	EndGlobalSection
	GlobalSection(ProjectConfigurationPlatforms) = postSolution
		{1ECEC5F1-3D8A-4890-AA92-459E281683D4}.Debug|Any CPU.ActiveCfg = Debug|Any CPU
		{1ECEC5F1-3D8A-4890-AA92-459E281683D4}.Debug|Any CPU.Build.0 = Debug|Any CPU
		{1ECEC5F1-3D8A-4890-AA92-459E281683D4}.Release|Any CPU.ActiveCfg = Release|Any CPU
		{1ECEC5F1-3D8A-4890-AA92-459E281683D4}.Release|Any CPU.Build.0 = Release|Any CPU
	EndGlobalSection
	GlobalSection(SolutionProperties) = preSolution
		HideSolutionNode = FALSE
	EndGlobalSection
EndGlobal
